
Microsoft Visual Studio Solution File, Format Version 12.00
# Visual Studio Version 17
VisualStudioVersion = 17.5.33424.131
MinimumVisualStudioVersion = 10.0.40219.1
Project("{FAE04EC0-301F-11D3-BF4B-00C04F79EFBC}") = "Math_Game", "Math_Game\Math_Game.csproj", "{0BDD59D0-7645-4CB2-AF4B-BAE77EE00DD1}"
EndProject
Global
	GlobalSection(SolutionConfigurationPlatforms) = preSolution
		Debug|Any CPU = Debug|Any CPU
		Release|Any CPU = Release|Any CPU
	EndGlobalSection
	GlobalSection(ProjectConfigurationPlatforms) = postSolution
		{0BDD59D0-7645-4CB2-AF4B-BAE77EE00DD1}.Debug|Any CPU.ActiveCfg = Debug|Any CPU
		{0BDD59D0-7645-4CB2-AF4B-BAE77EE00DD1}.Debug|Any CPU.Build.0 = Debug|Any CPU
		{0BDD59D0-7645-4CB2-AF4B-BAE77EE00DD1}.Release|Any CPU.ActiveCfg = Release|Any CPU
		{0BDD59D0-7645-4CB2-AF4B-BAE77EE00DD1}.Release|Any CPU.Build.0 = Release|Any CPU
	EndGlobalSection
	GlobalSection(SolutionProperties) = preSolution
		HideSolutionNode = FALSE
	EndGlobalSection
	GlobalSection(ExtensibilityGlobals) = postSolution
		SolutionGuid = {EF0ED5CB-734F-48E4-987A-35808E9447B3}
	EndGlobalSection
EndGlobal
